// !$*UTF8*$!
{
	archiveVersion = 1;
	classes = {
	};
	objectVersion = 50;
	objects = {

/* Begin PBXBuildFile section */
		DD20AD8721F025D100BAE887 /* AppDelegate.swift in Sources */ = {isa = PBXBuildFile; fileRef = DD20AD8621F025D100BAE887 /* AppDelegate.swift */; };
		DD20AD8921F025D100BAE887 /* ViewController.swift in Sources */ = {isa = PBXBuildFile; fileRef = DD20AD8821F025D100BAE887 /* ViewController.swift */; };
		DD20AD8C21F025D100BAE887 /* Main.storyboard in Resources */ = {isa = PBXBuildFile; fileRef = DD20AD8A21F025D100BAE887 /* Main.storyboard */; };
		DD20AD8E21F025D200BAE887 /* Assets.xcassets in Resources */ = {isa = PBXBuildFile; fileRef = DD20AD8D21F025D200BAE887 /* Assets.xcassets */; };
		DD20AD9121F025D200BAE887 /* LaunchScreen.storyboard in Resources */ = {isa = PBXBuildFile; fileRef = DD20AD8F21F025D200BAE887 /* LaunchScreen.storyboard */; };
		DD20AD9F21F02CE300BAE887 /* BookstoresTableViewController.swift in Sources */ = {isa = PBXBuildFile; fileRef = DD20AD9E21F02CE300BAE887 /* BookstoresTableViewController.swift */; };
		DD20ADA121F02CF400BAE887 /* DetailTableViewController.swift in Sources */ = {isa = PBXBuildFile; fileRef = DD20ADA021F02CF400BAE887 /* DetailTableViewController.swift */; };
/* End PBXBuildFile section */

/* Begin PBXFileReference section */
		DD20AD8321F025D100BAE887 /* IndBookstore.app */ = {isa = PBXFileReference; explicitFileType = wrapper.application; includeInIndex = 0; path = IndBookstore.app; sourceTree = BUILT_PRODUCTS_DIR; };
		DD20AD8621F025D100BAE887 /* AppDelegate.swift */ = {isa = PBXFileReference; lastKnownFileType = sourcecode.swift; path = AppDelegate.swift; sourceTree = "<group>"; };
		DD20AD8821F025D100BAE887 /* ViewController.swift */ = {isa = PBXFileReference; lastKnownFileType = sourcecode.swift; path = ViewController.swift; sourceTree = "<group>"; };
		DD20AD8B21F025D100BAE887 /* Base */ = {isa = PBXFileReference; lastKnownFileType = file.storyboard; name = Base; path = Base.lproj/Main.storyboard; sourceTree = "<group>"; };
		DD20AD8D21F025D200BAE887 /* Assets.xcassets */ = {isa = PBXFileReference; lastKnownFileType = folder.assetcatalog; path = Assets.xcassets; sourceTree = "<group>"; };
		DD20AD9021F025D200BAE887 /* Base */ = {isa = PBXFileReference; lastKnownFileType = file.storyboard; name = Base; path = Base.lproj/LaunchScreen.storyboard; sourceTree = "<group>"; };
		DD20AD9221F025D200BAE887 /* Info.plist */ = {isa = PBXFileReference; lastKnownFileType = text.plist.xml; path = Info.plist; sourceTree = "<group>"; };
		DD20AD9E21F02CE300BAE887 /* BookstoresTableViewController.swift */ = {isa = PBXFileReference; lastKnownFileType = sourcecode.swift; path = BookstoresTableViewController.swift; sourceTree = "<group>"; };
		DD20ADA021F02CF400BAE887 /* DetailTableViewController.swift */ = {isa = PBXFileReference; lastKnownFileType = sourcecode.swift; path = DetailTableViewController.swift; sourceTree = "<group>"; };
/* End PBXFileReference section */

/* Begin PBXFrameworksBuildPhase section */
		DD20AD8021F025D100BAE887 /* Frameworks */ = {
			isa = PBXFrameworksBuildPhase;
			buildActionMask = 2147483647;
			files = (
			);
			runOnlyForDeploymentPostprocessing = 0;
		};
/* End PBXFrameworksBuildPhase section */

/* Begin PBXGroup section */
		DD20AD7A21F025D100BAE887 = {
			isa = PBXGroup;
			children = (
				DD20AD8521F025D100BAE887 /* IndBookstore */,
				DD20AD8421F025D100BAE887 /* Products */,
			);
			sourceTree = "<group>";
		};
		DD20AD8421F025D100BAE887 /* Products */ = {
			isa = PBXGroup;
			children = (
				DD20AD8321F025D100BAE887 /* IndBookstore.app */,
			);
			name = Products;
			sourceTree = "<group>";
		};
		DD20AD8521F025D100BAE887 /* IndBookstore */ = {
			isa = PBXGroup;
			children = (
				DD20AD8621F025D100BAE887 /* AppDelegate.swift */,
				DD20AD8821F025D100BAE887 /* ViewController.swift */,
				DD20AD8A21F025D100BAE887 /* Main.storyboard */,
				DD20AD9E21F02CE300BAE887 /* BookstoresTableViewController.swift */,
				DD20ADA021F02CF400BAE887 /* DetailTableViewController.swift */,
				DD20AD8D21F025D200BAE887 /* Assets.xcassets */,
				DD20AD8F21F025D200BAE887 /* LaunchScreen.storyboard */,
				DD20AD9221F025D200BAE887 /* Info.plist */,
			);
			path = IndBookstore;
			sourceTree = "<group>";
		};
/* End PBXGroup section */

/* Begin PBXNativeTarget section */
		DD20AD8221F025D100BAE887 /* IndBookstore */ = {
			isa = PBXNativeTarget;
			buildConfigurationList = DD20AD9521F025D200BAE887 /* Build configuration list for PBXNativeTarget "IndBookstore" */;
			buildPhases = (
				DD20AD7F21F025D100BAE887 /* Sources */,
				DD20AD8021F025D100BAE887 /* Frameworks */,
				DD20AD8121F025D100BAE887 /* Resources */,
			);
			buildRules = (
			);
			dependencies = (
			);
			name = IndBookstore;
			productName = IndBookstore;
			productReference = DD20AD8321F025D100BAE887 /* IndBookstore.app */;
			productType = "com.apple.product-type.application";
		};
/* End PBXNativeTarget section */

/* Begin PBXProject section */
		DD20AD7B21F025D100BAE887 /* Project object */ = {
			isa = PBXProject;
			attributes = {
				LastSwiftUpdateCheck = 1010;
				LastUpgradeCheck = 1010;
				ORGANIZATIONNAME = "Chang Sophia";
				TargetAttributes = {
					DD20AD8221F025D100BAE887 = {
						CreatedOnToolsVersion = 10.1;
					};
				};
			};
			buildConfigurationList = DD20AD7E21F025D100BAE887 /* Build configuration list for PBXProject "IndBookstore" */;
			compatibilityVersion = "Xcode 9.3";
			developmentRegion = en;
			hasScannedForEncodings = 0;
			knownRegions = (
				en,
				Base,
			);
			mainGroup = DD20AD7A21F025D100BAE887;
			productRefGroup = DD20AD8421F025D100BAE887 /* Products */;
			projectDirPath = "";
			projectRoot = "";
			targets = (
				DD20AD8221F025D100BAE887 /* IndBookstore */,
			);
		};
/* End PBXProject section */

/* Begin PBXResourcesBuildPhase section */
		DD20AD8121F025D100BAE887 /* Resources */ = {
			isa = PBXResourcesBuildPhase;
			buildActionMask = 2147483647;
			files = (
				DD20AD9121F025D200BAE887 /* LaunchScreen.storyboard in Resources */,
				DD20AD8E21F025D200BAE887 /* Assets.xcassets in Resources */,
				DD20AD8C21F025D100BAE887 /* Main.storyboard in Resources */,
			);
			runOnlyForDeploymentPostprocessing = 0;
		};
/* End PBXResourcesBuildPhase section */

/* Begin PBXSourcesBuildPhase section */
		DD20AD7F21F025D100BAE887 /* Sources */ = {
			isa = PBXSourcesBuildPhase;
			buildActionMask = 2147483647;
			files = (
				DD20ADA121F02CF400BAE887 /* DetailTableViewController.swift in Sources */,
				DD20AD9F21F02CE300BAE887 /* BookstoresTableViewController.swift in Sources */,
				DD20AD8921F025D100BAE887 /* ViewController.swift in Sources */,
				DD20AD8721F025D100BAE887 /* AppDelegate.swift in Sources */,
			);
			runOnlyForDeploymentPostprocessing = 0;
		};
/* End PBXSourcesBuildPhase section */

/* Begin PBXVariantGroup section */
		DD20AD8A21F025D100BAE887 /* Main.storyboard */ = {
			isa = PBXVariantGroup;
			children = (
				DD20AD8B21F025D100BAE887 /* Base */,
			);
			name = Main.storyboard;
			sourceTree = "<group>";
		};
		DD20AD8F21F025D200BAE887 /* LaunchScreen.storyboard */ = {
			isa = PBXVariantGroup;
			children = (
				DD20AD9021F025D200BAE887 /* Base */,
			);
			name = LaunchScreen.storyboard;
			sourceTree = "<group>";
		};
/* End PBXVariantGroup section */

/* Begin XCBuildConfiguration section */
		DD20AD9321F025D200BAE887 /* Debug */ = {
			isa = XCBuildConfiguration;
			buildSettings = {
				ALWAYS_SEARCH_USER_PATHS = NO;
				CLANG_ANALYZER_NONNULL = YES;
				CLANG_ANALYZER_NUMBER_OBJECT_CONVERSION = YES_AGGRESSIVE;
				CLANG_CXX_LANGUAGE_STANDARD = "gnu++14";
				CLANG_CXX_LIBRARY = "libc++";
				CLANG_ENABLE_MODULES = YES;
				CLANG_ENABLE_OBJC_ARC = YES;
				CLANG_ENABLE_OBJC_WEAK = YES;
				CLANG_WARN_BLOCK_CAPTURE_AUTORELEASING = YES;
				CLANG_WARN_BOOL_CONVERSION = YES;
				CLANG_WARN_COMMA = YES;
				CLANG_WARN_CONSTANT_CONVERSION = YES;
				CLANG_WARN_DEPRECATED_OBJC_IMPLEMENTATIONS = YES;
				CLANG_WARN_DIRECT_OBJC_ISA_USAGE = YES_ERROR;
				CLANG_WARN_DOCUMENTATION_COMMENTS = YES;
				CLANG_WARN_EMPTY_BODY = YES;
				CLANG_WARN_ENUM_CONVERSION = YES;
				CLANG_WARN_INFINITE_RECURSION = YES;
				CLANG_WARN_INT_CONVERSION = YES;
				CLANG_WARN_NON_LITERAL_NULL_CONVERSION = YES;
				CLANG_WARN_OBJC_IMPLICIT_RETAIN_SELF = YES;
				CLANG_WARN_OBJC_LITERAL_CONVERSION = YES;
				CLANG_WARN_OBJC_ROOT_CLASS = YES_ERROR;
				CLANG_WARN_RANGE_LOOP_ANALYSIS = YES;
				CLANG_WARN_STRICT_PROTOTYPES = YES;
				CLANG_WARN_SUSPICIOUS_MOVE = YES;
				CLANG_WARN_UNGUARDED_AVAILABILITY = YES_AGGRESSIVE;
				CLANG_WARN_UNREACHABLE_CODE = YES;
				CLANG_WARN__DUPLICATE_METHOD_MATCH = YES;
				CODE_SIGN_IDENTITY = "iPhone Developer";
				COPY_PHASE_STRIP = NO;
				DEBUG_INFORMATION_FORMAT = dwarf;
				ENABLE_STRICT_OBJC_MSGSEND = YES;
				ENABLE_TESTABILITY = YES;
				GCC_C_LANGUAGE_STANDARD = gnu11;
				GCC_DYNAMIC_NO_PIC = NO;
				GCC_NO_COMMON_BLOCKS = YES;
				GCC_OPTIMIZATION_LEVEL = 0;
				GCC_PREPROCESSOR_DEFINITIONS = (
					"DEBUG=1",
					"$(inherited)",
				);
				GCC_WARN_64_TO_32_BIT_CONVERSION = YES;
				GCC_WARN_ABOUT_RETURN_TYPE = YES_ERROR;
				GCC_WARN_UNDECLARED_SELECTOR = YES;
				GCC_WARN_UNINITIALIZED_AUTOS = YES_AGGRESSIVE;
				GCC_WARN_UNUSED_FUNCTION = YES;
				GCC_WARN_UNUSED_VARIABLE = YES;
				IPHONEOS_DEPLOYMENT_TARGET = 12.1;
				MTL_ENABLE_DEBUG_INFO = INCLUDE_SOURCE;
				MTL_FAST_MATH = YES;
				ONLY_ACTIVE_ARCH = YES;
				SDKROOT = iphoneos;
				SWIFT_ACTIVE_COMPILATION_CONDITIONS = DEBUG;
				SWIFT_OPTIMIZATION_LEVEL = "-Onone";
			};
			name = Debug;
		};
		DD20AD9421F025D200BAE887 /* Release */ = {
			isa = XCBuildConfiguration;
			buildSettings = {
				ALWAYS_SEARCH_USER_PATHS = NO;
				CLANG_ANALYZER_NONNULL = YES;
				CLANG_ANALYZER_NUMBER_OBJECT_CONVERSION = YES_AGGRESSIVE;
				CLANG_CXX_LANGUAGE_STANDARD = "gnu++14";
				CLANG_CXX_LIBRARY = "libc++";
				CLANG_ENABLE_MODULES = YES;
				CLANG_ENABLE_OBJC_ARC = YES;
				CLANG_ENABLE_OBJC_WEAK = YES;
				CLANG_WARN_BLOCK_CAPTURE_AUTORELEASING = YES;
				CLANG_WARN_BOOL_CONVERSION = YES;
				CLANG_WARN_COMMA = YES;
				CLANG_WARN_CONSTANT_CONVERSION = YES;
				CLANG_WARN_DEPRECATED_OBJC_IMPLEMENTATIONS = YES;
				CLANG_WARN_DIRECT_OBJC_ISA_USAGE = YES_ERROR;
				CLANG_WARN_DOCUMENTATION_COMMENTS = YES;
				CLANG_WARN_EMPTY_BODY = YES;
				CLANG_WARN_ENUM_CONVERSION = YES;
				CLANG_WARN_INFINITE_RECURSION = YES;
				CLANG_WARN_INT_CONVERSION = YES;
				CLANG_WARN_NON_LITERAL_NULL_CONVERSION = YES;
				CLANG_WARN_OBJC_IMPLICIT_RETAIN_SELF = YES;
				CLANG_WARN_OBJC_LITERAL_CONVERSION = YES;
				CLANG_WARN_OBJC_ROOT_CLASS = YES_ERROR;
				CLANG_WARN_RANGE_LOOP_ANALYSIS = YES;
				CLANG_WARN_STRICT_PROTOTYPES = YES;
				CLANG_WARN_SUSPICIOUS_MOVE = YES;
				CLANG_WARN_UNGUARDED_AVAILABILITY = YES_AGGRESSIVE;
				CLANG_WARN_UNREACHABLE_CODE = YES;
				CLANG_WARN__DUPLICATE_METHOD_MATCH = YES;
				CODE_SIGN_IDENTITY = "iPhone Developer";
				COPY_PHASE_STRIP = NO;
				DEBUG_INFORMATION_FORMAT = "dwarf-with-dsym";
				ENABLE_NS_ASSERTIONS = NO;
				ENABLE_STRICT_OBJC_MSGSEND = YES;
				GCC_C_LANGUAGE_STANDARD = gnu11;
				GCC_NO_COMMON_BLOCKS = YES;
				GCC_WARN_64_TO_32_BIT_CONVERSION = YES;
				GCC_WARN_ABOUT_RETURN_TYPE = YES_ERROR;
				GCC_WARN_UNDECLARED_SELECTOR = YES;
				GCC_WARN_UNINITIALIZED_AUTOS = YES_AGGRESSIVE;
				GCC_WARN_UNUSED_FUNCTION = YES;
				GCC_WARN_UNUSED_VARIABLE = YES;
				IPHONEOS_DEPLOYMENT_TARGET = 12.1;
				MTL_ENABLE_DEBUG_INFO = NO;
				MTL_FAST_MATH = YES;
				SDKROOT = iphoneos;
				SWIFT_COMPILATION_MODE = wholemodule;
				SWIFT_OPTIMIZATION_LEVEL = "-O";
				VALIDATE_PRODUCT = YES;
			};
			name = Release;
		};
		DD20AD9621F025D200BAE887 /* Debug */ = {
			isa = XCBuildConfiguration;
			buildSettings = {
				ASSETCATALOG_COMPILER_APPICON_NAME = AppIcon;
				CODE_SIGN_STYLE = Automatic;
				DEVELOPMENT_TEAM = 3M66U64HQ4;
				INFOPLIST_FILE = IndBookstore/Info.plist;
				LD_RUNPATH_SEARCH_PATHS = (
					"$(inherited)",
					"@executable_path/Frameworks",
				);
				PRODUCT_BUNDLE_IDENTIFIER = com.gmb728.IndBookstore;
				PRODUCT_NAME = "$(TARGET_NAME)";
				SWIFT_VERSION = 4.2;
				TARGETED_DEVICE_FAMILY = "1,2";
			};
			name = Debug;
		};
		DD20AD9721F025D200BAE887 /* Release */ = {
			isa = XCBuildConfiguration;
			buildSettings = {
				ASSETCATALOG_COMPILER_APPICON_NAME = AppIcon;
				CODE_SIGN_STYLE = Automatic;
				DEVELOPMENT_TEAM = 3M66U64HQ4;
				INFOPLIST_FILE = IndBookstore/Info.plist;
				LD_RUNPATH_SEARCH_PATHS = (
					"$(inherited)",
					"@executable_path/Frameworks",
				);
				PRODUCT_BUNDLE_IDENTIFIER = com.gmb728.IndBookstore;
				PRODUCT_NAME = "$(TARGET_NAME)";
				SWIFT_VERSION = 4.2;
				TARGETED_DEVICE_FAMILY = "1,2";
			};
			name = Release;
		};
/* End XCBuildConfiguration section */

/* Begin XCConfigurationList section */
		DD20AD7E21F025D100BAE887 /* Build configuration list for PBXProject "IndBookstore" */ = {
			isa = XCConfigurationList;
			buildConfigurations = (
				DD20AD9321F025D200BAE887 /* Debug */,
				DD20AD9421F025D200BAE887 /* Release */,
			);
			defaultConfigurationIsVisible = 0;
			defaultConfigurationName = Release;
		};
		DD20AD9521F025D200BAE887 /* Build configuration list for PBXNativeTarget "IndBookstore" */ = {
			isa = XCConfigurationList;
			buildConfigurations = (
				DD20AD9621F025D200BAE887 /* Debug */,
				DD20AD9721F025D200BAE887 /* Release */,
			);
			defaultConfigurationIsVisible = 0;
			defaultConfigurationName = Release;
		};
/* End XCConfigurationList section */
	};
	rootObject = DD20AD7B21F025D100BAE887 /* Project object */;
}
